// !$*UTF8*$!
{
	archiveVersion = 1;
	classes = {
	};
	objectVersion = 46;
	objects = {

/* Begin PBXBuildFile section */
		D88992741DF4172700DD2A41 /* main.m in Sources */ = {isa = PBXBuildFile; fileRef = D88992731DF4172700DD2A41 /* main.m */; };
		D88992771DF4172700DD2A41 /* AppDelegate.m in Sources */ = {isa = PBXBuildFile; fileRef = D88992761DF4172700DD2A41 /* AppDelegate.m */; };
		D889927A1DF4172700DD2A41 /* ViewController.m in Sources */ = {isa = PBXBuildFile; fileRef = D88992791DF4172700DD2A41 /* ViewController.m */; };
		D889927D1DF4172700DD2A41 /* Main.storyboard in Resources */ = {isa = PBXBuildFile; fileRef = D889927B1DF4172700DD2A41 /* Main.storyboard */; };
		D889927F1DF4172700DD2A41 /* Assets.xcassets in Resources */ = {isa = PBXBuildFile; fileRef = D889927E1DF4172700DD2A41 /* Assets.xcassets */; };
		D88992821DF4172700DD2A41 /* LaunchScreen.storyboard in Resources */ = {isa = PBXBuildFile; fileRef = D88992801DF4172700DD2A41 /* LaunchScreen.storyboard */; };
		D889928B1DF41B7000DD2A41 /* QuartzFunView.m in Sources */ = {isa = PBXBuildFile; fileRef = D889928A1DF41B7000DD2A41 /* QuartzFunView.m */; };
		D889928F1DF41DAE00DD2A41 /* UIColor+Random.m in Sources */ = {isa = PBXBuildFile; fileRef = D889928E1DF41DAE00DD2A41 /* UIColor+Random.m */; };
/* End PBXBuildFile section */

/* Begin PBXFileReference section */
		D889926F1DF4172700DD2A41 /* QuartzFun.app */ = {isa = PBXFileReference; explicitFileType = wrapper.application; includeInIndex = 0; path = QuartzFun.app; sourceTree = BUILT_PRODUCTS_DIR; };
		D88992731DF4172700DD2A41 /* main.m */ = {isa = PBXFileReference; lastKnownFileType = sourcecode.c.objc; path = main.m; sourceTree = "<group>"; };
		D88992751DF4172700DD2A41 /* AppDelegate.h */ = {isa = PBXFileReference; lastKnownFileType = sourcecode.c.h; path = AppDelegate.h; sourceTree = "<group>"; };
		D88992761DF4172700DD2A41 /* AppDelegate.m */ = {isa = PBXFileReference; lastKnownFileType = sourcecode.c.objc; path = AppDelegate.m; sourceTree = "<group>"; };
		D88992781DF4172700DD2A41 /* ViewController.h */ = {isa = PBXFileReference; lastKnownFileType = sourcecode.c.h; path = ViewController.h; sourceTree = "<group>"; };
		D88992791DF4172700DD2A41 /* ViewController.m */ = {isa = PBXFileReference; lastKnownFileType = sourcecode.c.objc; path = ViewController.m; sourceTree = "<group>"; };
		D889927C1DF4172700DD2A41 /* Base */ = {isa = PBXFileReference; lastKnownFileType = file.storyboard; name = Base; path = Base.lproj/Main.storyboard; sourceTree = "<group>"; };
		D889927E1DF4172700DD2A41 /* Assets.xcassets */ = {isa = PBXFileReference; lastKnownFileType = folder.assetcatalog; path = Assets.xcassets; sourceTree = "<group>"; };
		D88992811DF4172700DD2A41 /* Base */ = {isa = PBXFileReference; lastKnownFileType = file.storyboard; name = Base; path = Base.lproj/LaunchScreen.storyboard; sourceTree = "<group>"; };
		D88992831DF4172700DD2A41 /* Info.plist */ = {isa = PBXFileReference; lastKnownFileType = text.plist.xml; path = Info.plist; sourceTree = "<group>"; };
		D88992891DF41B7000DD2A41 /* QuartzFunView.h */ = {isa = PBXFileReference; fileEncoding = 4; lastKnownFileType = sourcecode.c.h; path = QuartzFunView.h; sourceTree = "<group>"; };
		D889928A1DF41B7000DD2A41 /* QuartzFunView.m */ = {isa = PBXFileReference; fileEncoding = 4; lastKnownFileType = sourcecode.c.objc; path = QuartzFunView.m; sourceTree = "<group>"; };
		D889928C1DF41C9400DD2A41 /* Constants.h */ = {isa = PBXFileReference; lastKnownFileType = sourcecode.c.h; path = Constants.h; sourceTree = "<group>"; };
		D889928D1DF41DAE00DD2A41 /* UIColor+Random.h */ = {isa = PBXFileReference; fileEncoding = 4; lastKnownFileType = sourcecode.c.h; path = "UIColor+Random.h"; sourceTree = "<group>"; };
		D889928E1DF41DAE00DD2A41 /* UIColor+Random.m */ = {isa = PBXFileReference; fileEncoding = 4; lastKnownFileType = sourcecode.c.objc; path = "UIColor+Random.m"; sourceTree = "<group>"; };
/* End PBXFileReference section */

/* Begin PBXFrameworksBuildPhase section */
		D889926C1DF4172700DD2A41 /* Frameworks */ = {
			isa = PBXFrameworksBuildPhase;
			buildActionMask = 2147483647;
			files = (
			);
			runOnlyForDeploymentPostprocessing = 0;
		};
/* End PBXFrameworksBuildPhase section */

/* Begin PBXGroup section */
		D88992661DF4172700DD2A41 = {
			isa = PBXGroup;
			children = (
				D88992711DF4172700DD2A41 /* QuartzFun */,
				D88992701DF4172700DD2A41 /* Products */,
			);
			sourceTree = "<group>";
		};
		D88992701DF4172700DD2A41 /* Products */ = {
			isa = PBXGroup;
			children = (
				D889926F1DF4172700DD2A41 /* QuartzFun.app */,
			);
			name = Products;
			sourceTree = "<group>";
		};
		D88992711DF4172700DD2A41 /* QuartzFun */ = {
			isa = PBXGroup;
			children = (
				D88992751DF4172700DD2A41 /* AppDelegate.h */,
				D88992761DF4172700DD2A41 /* AppDelegate.m */,
				D88992781DF4172700DD2A41 /* ViewController.h */,
				D88992791DF4172700DD2A41 /* ViewController.m */,
				D88992891DF41B7000DD2A41 /* QuartzFunView.h */,
				D889928A1DF41B7000DD2A41 /* QuartzFunView.m */,
				D889928C1DF41C9400DD2A41 /* Constants.h */,
				D889928D1DF41DAE00DD2A41 /* UIColor+Random.h */,
				D889928E1DF41DAE00DD2A41 /* UIColor+Random.m */,
				D889927B1DF4172700DD2A41 /* Main.storyboard */,
				D889927E1DF4172700DD2A41 /* Assets.xcassets */,
				D88992801DF4172700DD2A41 /* LaunchScreen.storyboard */,
				D88992831DF4172700DD2A41 /* Info.plist */,
				D88992721DF4172700DD2A41 /* Supporting Files */,
			);
			path = QuartzFun;
			sourceTree = "<group>";
		};
		D88992721DF4172700DD2A41 /* Supporting Files */ = {
			isa = PBXGroup;
			children = (
				D88992731DF4172700DD2A41 /* main.m */,
			);
			name = "Supporting Files";
			sourceTree = "<group>";
		};
/* End PBXGroup section */

/* Begin PBXNativeTarget section */
		D889926E1DF4172700DD2A41 /* QuartzFun */ = {
			isa = PBXNativeTarget;
			buildConfigurationList = D88992861DF4172700DD2A41 /* Build configuration list for PBXNativeTarget "QuartzFun" */;
			buildPhases = (
				D889926B1DF4172700DD2A41 /* Sources */,
				D889926C1DF4172700DD2A41 /* Frameworks */,
				D889926D1DF4172700DD2A41 /* Resources */,
			);
			buildRules = (
			);
			dependencies = (
			);
			name = QuartzFun;
			productName = QuartzFun;
			productReference = D889926F1DF4172700DD2A41 /* QuartzFun.app */;
			productType = "com.apple.product-type.application";
		};
/* End PBXNativeTarget section */

/* Begin PBXProject section */
		D88992671DF4172700DD2A41 /* Project object */ = {
			isa = PBXProject;
			attributes = {
				LastUpgradeCheck = 0720;
				ORGANIZATIONNAME = Joe;
				TargetAttributes = {
					D889926E1DF4172700DD2A41 = {
						CreatedOnToolsVersion = 7.2.1;
						DevelopmentTeam = JE7S4R2FQG;
					};
				};
			};
			buildConfigurationList = D889926A1DF4172700DD2A41 /* Build configuration list for PBXProject "QuartzFun" */;
			compatibilityVersion = "Xcode 3.2";
			developmentRegion = English;
			hasScannedForEncodings = 0;
			knownRegions = (
				en,
				Base,
			);
			mainGroup = D88992661DF4172700DD2A41;
			productRefGroup = D88992701DF4172700DD2A41 /* Products */;
			projectDirPath = "";
			projectRoot = "";
			targets = (
				D889926E1DF4172700DD2A41 /* QuartzFun */,
			);
		};
/* End PBXProject section */

/* Begin PBXResourcesBuildPhase section */
		D889926D1DF4172700DD2A41 /* Resources */ = {
			isa = PBXResourcesBuildPhase;
			buildActionMask = 2147483647;
			files = (
				D88992821DF4172700DD2A41 /* LaunchScreen.storyboard in Resources */,
				D889927F1DF4172700DD2A41 /* Assets.xcassets in Resources */,
				D889927D1DF4172700DD2A41 /* Main.storyboard in Resources */,
			);
			runOnlyForDeploymentPostprocessing = 0;
		};
/* End PBXResourcesBuildPhase section */

/* Begin PBXSourcesBuildPhase section */
		D889926B1DF4172700DD2A41 /* Sources */ = {
			isa = PBXSourcesBuildPhase;
			buildActionMask = 2147483647;
			files = (
				D889928F1DF41DAE00DD2A41 /* UIColor+Random.m in Sources */,
				D889927A1DF4172700DD2A41 /* ViewController.m in Sources */,
				D889928B1DF41B7000DD2A41 /* QuartzFunView.m in Sources */,
				D88992771DF4172700DD2A41 /* AppDelegate.m in Sources */,
				D88992741DF4172700DD2A41 /* main.m in Sources */,
			);
			runOnlyForDeploymentPostprocessing = 0;
		};
/* End PBXSourcesBuildPhase section */

/* Begin PBXVariantGroup section */
		D889927B1DF4172700DD2A41 /* Main.storyboard */ = {
			isa = PBXVariantGroup;
			children = (
				D889927C1DF4172700DD2A41 /* Base */,
			);
			name = Main.storyboard;
			sourceTree = "<group>";
		};
		D88992801DF4172700DD2A41 /* LaunchScreen.storyboard */ = {
			isa = PBXVariantGroup;
			children = (
				D88992811DF4172700DD2A41 /* Base */,
			);
			name = LaunchScreen.storyboard;
			sourceTree = "<group>";
		};
/* End PBXVariantGroup section */

/* Begin XCBuildConfiguration section */
		D88992841DF4172700DD2A41 /* Debug */ = {
			isa = XCBuildConfiguration;
			buildSettings = {
				ALWAYS_SEARCH_USER_PATHS = NO;
				CLANG_CXX_LANGUAGE_STANDARD = "gnu++0x";
				CLANG_CXX_LIBRARY = "libc++";
				CLANG_ENABLE_MODULES = YES;
				CLANG_ENABLE_OBJC_ARC = YES;
				CLANG_WARN_BOOL_CONVERSION = YES;
				CLANG_WARN_CONSTANT_CONVERSION = YES;
				CLANG_WARN_DIRECT_OBJC_ISA_USAGE = YES_ERROR;
				CLANG_WARN_EMPTY_BODY = YES;
				CLANG_WARN_ENUM_CONVERSION = YES;
				CLANG_WARN_INT_CONVERSION = YES;
				CLANG_WARN_OBJC_ROOT_CLASS = YES_ERROR;
				CLANG_WARN_UNREACHABLE_CODE = YES;
				CLANG_WARN__DUPLICATE_METHOD_MATCH = YES;
				"CODE_SIGN_IDENTITY[sdk=iphoneos*]" = "iPhone Developer";
				COPY_PHASE_STRIP = NO;
				DEBUG_INFORMATION_FORMAT = dwarf;
				ENABLE_STRICT_OBJC_MSGSEND = YES;
				ENABLE_TESTABILITY = YES;
				GCC_C_LANGUAGE_STANDARD = gnu99;
				GCC_DYNAMIC_NO_PIC = NO;
				GCC_NO_COMMON_BLOCKS = YES;
				GCC_OPTIMIZATION_LEVEL = 0;
				GCC_PREPROCESSOR_DEFINITIONS = (
					"DEBUG=1",
					"$(inherited)",
				);
				GCC_WARN_64_TO_32_BIT_CONVERSION = YES;
				GCC_WARN_ABOUT_RETURN_TYPE = YES_ERROR;
				GCC_WARN_UNDECLARED_SELECTOR = YES;
				GCC_WARN_UNINITIALIZED_AUTOS = YES_AGGRESSIVE;
				GCC_WARN_UNUSED_FUNCTION = YES;
				GCC_WARN_UNUSED_VARIABLE = YES;
				IPHONEOS_DEPLOYMENT_TARGET = 9.2;
				MTL_ENABLE_DEBUG_INFO = YES;
				ONLY_ACTIVE_ARCH = YES;
				SDKROOT = iphoneos;
			};
			name = Debug;
		};
		D88992851DF4172700DD2A41 /* Release */ = {
			isa = XCBuildConfiguration;
			buildSettings = {
				ALWAYS_SEARCH_USER_PATHS = NO;
				CLANG_CXX_LANGUAGE_STANDARD = "gnu++0x";
				CLANG_CXX_LIBRARY = "libc++";
				CLANG_ENABLE_MODULES = YES;
				CLANG_ENABLE_OBJC_ARC = YES;
				CLANG_WARN_BOOL_CONVERSION = YES;
				CLANG_WARN_CONSTANT_CONVERSION = YES;
				CLANG_WARN_DIRECT_OBJC_ISA_USAGE = YES_ERROR;
				CLANG_WARN_EMPTY_BODY = YES;
				CLANG_WARN_ENUM_CONVERSION = YES;
				CLANG_WARN_INT_CONVERSION = YES;
				CLANG_WARN_OBJC_ROOT_CLASS = YES_ERROR;
				CLANG_WARN_UNREACHABLE_CODE = YES;
				CLANG_WARN__DUPLICATE_METHOD_MATCH = YES;
				"CODE_SIGN_IDENTITY[sdk=iphoneos*]" = "iPhone Developer";
				COPY_PHASE_STRIP = NO;
				DEBUG_INFORMATION_FORMAT = "dwarf-with-dsym";
				ENABLE_NS_ASSERTIONS = NO;
				ENABLE_STRICT_OBJC_MSGSEND = YES;
				GCC_C_LANGUAGE_STANDARD = gnu99;
				GCC_NO_COMMON_BLOCKS = YES;
				GCC_WARN_64_TO_32_BIT_CONVERSION = YES;
				GCC_WARN_ABOUT_RETURN_TYPE = YES_ERROR;
				GCC_WARN_UNDECLARED_SELECTOR = YES;
				GCC_WARN_UNINITIALIZED_AUTOS = YES_AGGRESSIVE;
				GCC_WARN_UNUSED_FUNCTION = YES;
				GCC_WARN_UNUSED_VARIABLE = YES;
				IPHONEOS_DEPLOYMENT_TARGET = 9.2;
				MTL_ENABLE_DEBUG_INFO = NO;
				SDKROOT = iphoneos;
				VALIDATE_PRODUCT = YES;
			};
			name = Release;
		};
		D88992871DF4172700DD2A41 /* Debug */ = {
			isa = XCBuildConfiguration;
			buildSettings = {
				ASSETCATALOG_COMPILER_APPICON_NAME = AppIcon;
				INFOPLIST_FILE = QuartzFun/Info.plist;
				IPHONEOS_DEPLOYMENT_TARGET = 8.0;
				LD_RUNPATH_SEARCH_PATHS = "$(inherited) @executable_path/Frameworks";
				PRODUCT_BUNDLE_IDENTIFIER = joe.QuartzFun;
				PRODUCT_NAME = "$(TARGET_NAME)";
			};
			name = Debug;
		};
		D88992881DF4172700DD2A41 /* Release */ = {
			isa = XCBuildConfiguration;
			buildSettings = {
				ASSETCATALOG_COMPILER_APPICON_NAME = AppIcon;
				INFOPLIST_FILE = QuartzFun/Info.plist;
				IPHONEOS_DEPLOYMENT_TARGET = 8.0;
				LD_RUNPATH_SEARCH_PATHS = "$(inherited) @executable_path/Frameworks";
				PRODUCT_BUNDLE_IDENTIFIER = joe.QuartzFun;
				PRODUCT_NAME = "$(TARGET_NAME)";
			};
			name = Release;
		};
/* End XCBuildConfiguration section */

/* Begin XCConfigurationList section */
		D889926A1DF4172700DD2A41 /* Build configuration list for PBXProject "QuartzFun" */ = {
			isa = XCConfigurationList;
			buildConfigurations = (
				D88992841DF4172700DD2A41 /* Debug */,
				D88992851DF4172700DD2A41 /* Release */,
			);
			defaultConfigurationIsVisible = 0;
			defaultConfigurationName = Release;
		};
		D88992861DF4172700DD2A41 /* Build configuration list for PBXNativeTarget "QuartzFun" */ = {
			isa = XCConfigurationList;
			buildConfigurations = (
				D88992871DF4172700DD2A41 /* Debug */,
				D88992881DF4172700DD2A41 /* Release */,
			);
			defaultConfigurationIsVisible = 0;
		};
/* End XCConfigurationList section */
	};
	rootObject = D88992671DF4172700DD2A41 /* Project object */;
}
